
Microsoft Visual Studio Solution File, Format Version 12.00
# Visual Studio 15
VisualStudioVersion = 15.0.27130.2027
MinimumVisualStudioVersion = 10.0.40219.1
Project("{F2A71F9B-5D33-465A-A702-920D77279786}") = "SiloHost", "SiloHost\SiloHost.fsproj", "{C8EFFAF2-3B34-4330-9B51-E5B9B0B4680F}"
EndProject
Project("{F2A71F9B-5D33-465A-A702-920D77279786}") = "Interfaces", "Interfaces\Interfaces.fsproj", "{F5D9A98D-9FAF-47F3-AA27-DF61D0D33D00}"
EndProject
Project("{F2A71F9B-5D33-465A-A702-920D77279786}") = "Grains", "Grains\Grains.fsproj", "{B219294F-0DC2-4527-976E-15941A271DE5}"
EndProject
Project("{F2A71F9B-5D33-465A-A702-920D77279786}") = "Client", "Client\Client.fsproj", "{18ACE260-F208-465E-A923-E8741231B238}"
EndProject
Global
	GlobalSection(SolutionConfigurationPlatforms) = preSolution
		Debug|Any CPU = Debug|Any CPU
		Release|Any CPU = Release|Any CPU
	EndGlobalSection
	GlobalSection(ProjectConfigurationPlatforms) = postSolution
		{C8EFFAF2-3B34-4330-9B51-E5B9B0B4680F}.Debug|Any CPU.ActiveCfg = Debug|Any CPU
		{C8EFFAF2-3B34-4330-9B51-E5B9B0B4680F}.Debug|Any CPU.Build.0 = Debug|Any CPU
		{C8EFFAF2-3B34-4330-9B51-E5B9B0B4680F}.Release|Any CPU.ActiveCfg = Release|Any CPU
		{C8EFFAF2-3B34-4330-9B51-E5B9B0B4680F}.Release|Any CPU.Build.0 = Release|Any CPU
		{F5D9A98D-9FAF-47F3-AA27-DF61D0D33D00}.Debug|Any CPU.ActiveCfg = Debug|Any CPU
		{F5D9A98D-9FAF-47F3-AA27-DF61D0D33D00}.Debug|Any CPU.Build.0 = Debug|Any CPU
		{F5D9A98D-9FAF-47F3-AA27-DF61D0D33D00}.Release|Any CPU.ActiveCfg = Release|Any CPU
		{F5D9A98D-9FAF-47F3-AA27-DF61D0D33D00}.Release|Any CPU.Build.0 = Release|Any CPU
		{B219294F-0DC2-4527-976E-15941A271DE5}.Debug|Any CPU.ActiveCfg = Debug|Any CPU
		{B219294F-0DC2-4527-976E-15941A271DE5}.Debug|Any CPU.Build.0 = Debug|Any CPU
		{B219294F-0DC2-4527-976E-15941A271DE5}.Release|Any CPU.ActiveCfg = Release|Any CPU
		{B219294F-0DC2-4527-976E-15941A271DE5}.Release|Any CPU.Build.0 = Release|Any CPU
		{18ACE260-F208-465E-A923-E8741231B238}.Debug|Any CPU.ActiveCfg = Debug|Any CPU
		{18ACE260-F208-465E-A923-E8741231B238}.Debug|Any CPU.Build.0 = Debug|Any CPU
		{18ACE260-F208-465E-A923-E8741231B238}.Release|Any CPU.ActiveCfg = Release|Any CPU
		{18ACE260-F208-465E-A923-E8741231B238}.Release|Any CPU.Build.0 = Release|Any CPU
	EndGlobalSection
	GlobalSection(SolutionProperties) = preSolution
		HideSolutionNode = FALSE
	EndGlobalSection
	GlobalSection(ExtensibilityGlobals) = postSolution
		SolutionGuid = {82EF32F4-F8BA-48DD-804D-D5FAE11CEC42}
	EndGlobalSection
EndGlobal
